
Microsoft Visual Studio Solution File, Format Version 12.00
# Visual Studio Version 16
VisualStudioVersion = 16.0.32510.428
MinimumVisualStudioVersion = 10.0.40219.1
Project("{9A19103F-16F7-4668-BE54-9A1E7A4F7556}") = "CRUD", "CRUD\CRUD.csproj", "{468948A2-0F7B-48E9-ABC6-25C2BDA7F782}"
EndProject
Project("{FAE04EC0-301F-11D3-BF4B-00C04F79EFBC}") = "ConsoleApp1", "ConsoleApp1\ConsoleApp1.csproj", "{CF5EA773-7471-4913-833E-3FCE7AAA430B}"
EndProject
Global
	GlobalSection(SolutionConfigurationPlatforms) = preSolution
		Debug|Any CPU = Debug|Any CPU
		Release|Any CPU = Release|Any CPU
	EndGlobalSection
	GlobalSection(ProjectConfigurationPlatforms) = postSolution
		{468948A2-0F7B-48E9-ABC6-25C2BDA7F782}.Debug|Any CPU.ActiveCfg = Debug|Any CPU
		{468948A2-0F7B-48E9-ABC6-25C2BDA7F782}.Debug|Any CPU.Build.0 = Debug|Any CPU
		{468948A2-0F7B-48E9-ABC6-25C2BDA7F782}.Release|Any CPU.ActiveCfg = Release|Any CPU
		{468948A2-0F7B-48E9-ABC6-25C2BDA7F782}.Release|Any CPU.Build.0 = Release|Any CPU
		{CF5EA773-7471-4913-833E-3FCE7AAA430B}.Debug|Any CPU.ActiveCfg = Debug|Any CPU
		{CF5EA773-7471-4913-833E-3FCE7AAA430B}.Debug|Any CPU.Build.0 = Debug|Any CPU
		{CF5EA773-7471-4913-833E-3FCE7AAA430B}.Release|Any CPU.ActiveCfg = Release|Any CPU
		{CF5EA773-7471-4913-833E-3FCE7AAA430B}.Release|Any CPU.Build.0 = Release|Any CPU
	EndGlobalSection
	GlobalSection(SolutionProperties) = preSolution
		HideSolutionNode = FALSE
	EndGlobalSection
	GlobalSection(ExtensibilityGlobals) = postSolution
		SolutionGuid = {180BE98A-A4C1-4127-9514-F80EB0976A2C}
	EndGlobalSection
EndGlobal
